// !$*UTF8*$!
{
	archiveVersion = 1;
	classes = {
	};
	objectVersion = 45;
	objects = {

/* Begin PBXBuildFile section */
		303524101223BC2200AACD22 /* decoder.c in Sources */ = {isa = PBXBuildFile; fileRef = C7E378410F59D737002061CD /* decoder.c */; };
		303524111223BC2200AACD22 /* encoder.c in Sources */ = {isa = PBXBuildFile; fileRef = C7E378430F59D737002061CD /* encoder.c */; };
		303524121223BC2200AACD22 /* CFobLicGenerator.m in Sources */ = {isa = PBXBuildFile; fileRef = C7E378480F59DB15002061CD /* CFobLicGenerator.m */; };
		303524131223BC2200AACD22 /* CFobLicVerifier.m in Sources */ = {isa = PBXBuildFile; fileRef = C7E3784A0F59DB15002061CD /* CFobLicVerifier.m */; };
		303524141223BC2200AACD22 /* NSData+PECrypt.m in Sources */ = {isa = PBXBuildFile; fileRef = C7E3784C0F59DB15002061CD /* NSData+PECrypt.m */; };
		303524151223BC2200AACD22 /* NSString+PECrypt.m in Sources */ = {isa = PBXBuildFile; fileRef = C7E3784E0F59DB15002061CD /* NSString+PECrypt.m */; };
		303524161223BC2200AACD22 /* NSString-Base64Extensions.m in Sources */ = {isa = PBXBuildFile; fileRef = C7A731680F5F42D500D40AFE /* NSString-Base64Extensions.m */; };
		303524231223BCB500AACD22 /* CFobLicVerifier.h in Headers */ = {isa = PBXBuildFile; fileRef = C7E378490F59DB15002061CD /* CFobLicVerifier.h */; settings = {ATTRIBUTES = (Public, ); }; };
		303524241223BCBA00AACD22 /* CFobLicGenerator.h in Headers */ = {isa = PBXBuildFile; fileRef = C7E378470F59DB15002061CD /* CFobLicGenerator.h */; settings = {ATTRIBUTES = (Public, ); }; };
		303524D71223BE6700AACD22 /* Foundation.framework in Frameworks */ = {isa = PBXBuildFile; fileRef = 303524D61223BE6700AACD22 /* Foundation.framework */; };
		303525881223BFFF00AACD22 /* decoder.h in Headers */ = {isa = PBXBuildFile; fileRef = C7E378420F59D737002061CD /* decoder.h */; };
		303525891223BFFF00AACD22 /* encoder.h in Headers */ = {isa = PBXBuildFile; fileRef = C7E378440F59D737002061CD /* encoder.h */; };
		3035258D1223C01100AACD22 /* NSData+PECrypt.h in Headers */ = {isa = PBXBuildFile; fileRef = C7E3784B0F59DB15002061CD /* NSData+PECrypt.h */; };
		3035258E1223C01100AACD22 /* NSString+PECrypt.h in Headers */ = {isa = PBXBuildFile; fileRef = C7E3784D0F59DB15002061CD /* NSString+PECrypt.h */; };
		3035258F1223C01100AACD22 /* NSString-Base64Extensions.h in Headers */ = {isa = PBXBuildFile; fileRef = C7A731670F5F42D500D40AFE /* NSString-Base64Extensions.h */; };
		303525A81223C19D00AACD22 /* libcrypto.dylib in Frameworks */ = {isa = PBXBuildFile; fileRef = 303524D01223BE4D00AACD22 /* libcrypto.dylib */; };
		303526851223D4DA00AACD22 /* CFobError.h in Headers */ = {isa = PBXBuildFile; fileRef = 303526831223D4DA00AACD22 /* CFobError.h */; };
		303526981223DC9600AACD22 /* CFobError.m in Sources */ = {isa = PBXBuildFile; fileRef = 303526971223DC9600AACD22 /* CFobError.m */; };
/* End PBXBuildFile section */

/* Begin PBXFileReference section */
		08FB7796FE84155DC02AAC07 /* cocoafob.m */ = {isa = PBXFileReference; fileEncoding = 4; lastKnownFileType = sourcecode.c.objc; path = cocoafob.m; sourceTree = "<group>"; };
		303524081223BB9600AACD22 /* CocoaFob.framework */ = {isa = PBXFileReference; explicitFileType = wrapper.framework; includeInIndex = 0; path = CocoaFob.framework; sourceTree = BUILT_PRODUCTS_DIR; };
		303524091223BB9600AACD22 /* CocoaFob-Info.plist */ = {isa = PBXFileReference; lastKnownFileType = text.plist.xml; path = "CocoaFob-Info.plist"; sourceTree = "<group>"; };
		303524D01223BE4D00AACD22 /* libcrypto.dylib */ = {isa = PBXFileReference; lastKnownFileType = "compiled.mach-o.dylib"; name = libcrypto.dylib; path = usr/lib/libcrypto.dylib; sourceTree = SDKROOT; };
		303524D61223BE6700AACD22 /* Foundation.framework */ = {isa = PBXFileReference; lastKnownFileType = wrapper.framework; name = Foundation.framework; path = System/Library/Frameworks/Foundation.framework; sourceTree = SDKROOT; };
		303526831223D4DA00AACD22 /* CFobError.h */ = {isa = PBXFileReference; fileEncoding = 4; lastKnownFileType = sourcecode.c.h; path = CFobError.h; sourceTree = "<group>"; };
		303526971223DC9600AACD22 /* CFobError.m */ = {isa = PBXFileReference; fileEncoding = 4; lastKnownFileType = sourcecode.c.objc; path = CFobError.m; sourceTree = "<group>"; };
		32A70AAB03705E1F00C91783 /* cocoafob_Prefix.pch */ = {isa = PBXFileReference; fileEncoding = 4; lastKnownFileType = sourcecode.c.h; path = cocoafob_Prefix.pch; sourceTree = "<group>"; };
		C6859EA3029092ED04C91782 /* cocoafob.1 */ = {isa = PBXFileReference; lastKnownFileType = text.man; path = cocoafob.1; sourceTree = "<group>"; };
		C7A731670F5F42D500D40AFE /* NSString-Base64Extensions.h */ = {isa = PBXFileReference; fileEncoding = 4; lastKnownFileType = sourcecode.c.h; path = "NSString-Base64Extensions.h"; sourceTree = "<group>"; };
		C7A731680F5F42D500D40AFE /* NSString-Base64Extensions.m */ = {isa = PBXFileReference; fileEncoding = 4; lastKnownFileType = sourcecode.c.objc; path = "NSString-Base64Extensions.m"; sourceTree = "<group>"; };
		C7E378410F59D737002061CD /* decoder.c */ = {isa = PBXFileReference; fileEncoding = 4; lastKnownFileType = sourcecode.c.c; path = decoder.c; sourceTree = "<group>"; };
		C7E378420F59D737002061CD /* decoder.h */ = {isa = PBXFileReference; fileEncoding = 4; lastKnownFileType = sourcecode.c.h; path = decoder.h; sourceTree = "<group>"; };
		C7E378430F59D737002061CD /* encoder.c */ = {isa = PBXFileReference; fileEncoding = 4; lastKnownFileType = sourcecode.c.c; path = encoder.c; sourceTree = "<group>"; };
		C7E378440F59D737002061CD /* encoder.h */ = {isa = PBXFileReference; fileEncoding = 4; lastKnownFileType = sourcecode.c.h; path = encoder.h; sourceTree = "<group>"; };
		C7E378470F59DB15002061CD /* CFobLicGenerator.h */ = {isa = PBXFileReference; fileEncoding = 4; lastKnownFileType = sourcecode.c.h; path = CFobLicGenerator.h; sourceTree = "<group>"; };
		C7E378480F59DB15002061CD /* CFobLicGenerator.m */ = {isa = PBXFileReference; fileEncoding = 4; lastKnownFileType = sourcecode.c.objc; path = CFobLicGenerator.m; sourceTree = "<group>"; };
		C7E378490F59DB15002061CD /* CFobLicVerifier.h */ = {isa = PBXFileReference; fileEncoding = 4; lastKnownFileType = sourcecode.c.h; path = CFobLicVerifier.h; sourceTree = "<group>"; };
		C7E3784A0F59DB15002061CD /* CFobLicVerifier.m */ = {isa = PBXFileReference; fileEncoding = 4; lastKnownFileType = sourcecode.c.objc; path = CFobLicVerifier.m; sourceTree = "<group>"; };
		C7E3784B0F59DB15002061CD /* NSData+PECrypt.h */ = {isa = PBXFileReference; fileEncoding = 4; lastKnownFileType = sourcecode.c.h; path = "NSData+PECrypt.h"; sourceTree = "<group>"; };
		C7E3784C0F59DB15002061CD /* NSData+PECrypt.m */ = {isa = PBXFileReference; fileEncoding = 4; lastKnownFileType = sourcecode.c.objc; path = "NSData+PECrypt.m"; sourceTree = "<group>"; };
		C7E3784D0F59DB15002061CD /* NSString+PECrypt.h */ = {isa = PBXFileReference; fileEncoding = 4; lastKnownFileType = sourcecode.c.h; path = "NSString+PECrypt.h"; sourceTree = "<group>"; };
		C7E3784E0F59DB15002061CD /* NSString+PECrypt.m */ = {isa = PBXFileReference; fileEncoding = 4; lastKnownFileType = sourcecode.c.objc; path = "NSString+PECrypt.m"; sourceTree = "<group>"; };
/* End PBXFileReference section */

/* Begin PBXFrameworksBuildPhase section */
		303524061223BB9600AACD22 /* Frameworks */ = {
			isa = PBXFrameworksBuildPhase;
			buildActionMask = 2147483647;
			files = (
				303525A81223C19D00AACD22 /* libcrypto.dylib in Frameworks */,
				303524D71223BE6700AACD22 /* Foundation.framework in Frameworks */,
			);
			runOnlyForDeploymentPostprocessing = 0;
		};
/* End PBXFrameworksBuildPhase section */

/* Begin PBXGroup section */
		08FB7794FE84155DC02AAC07 /* cocoafob */ = {
			isa = PBXGroup;
			children = (
				08FB7795FE84155DC02AAC07 /* Source */,
				3035240E1223BC0400AACD22 /* Framework */,
				C6859EA2029092E104C91782 /* Documentation */,
				08FB779DFE84155DC02AAC07 /* External Frameworks and Libraries */,
				1AB674ADFE9D54B511CA2CBB /* Products */,
			);
			name = cocoafob;
			sourceTree = "<group>";
		};
		08FB7795FE84155DC02AAC07 /* Source */ = {
			isa = PBXGroup;
			children = (
				C7A731660F5F42C000D40AFE /* Dave Dribin */,
				C7E378540F59DB33002061CD /* Base32 */,
				C7E378530F59DB1E002061CD /* PECategories */,
				C7E378470F59DB15002061CD /* CFobLicGenerator.h */,
				C7E378480F59DB15002061CD /* CFobLicGenerator.m */,
				C7E378490F59DB15002061CD /* CFobLicVerifier.h */,
				C7E3784A0F59DB15002061CD /* CFobLicVerifier.m */,
				32A70AAB03705E1F00C91783 /* cocoafob_Prefix.pch */,
				08FB7796FE84155DC02AAC07 /* cocoafob.m */,
				303526831223D4DA00AACD22 /* CFobError.h */,
				303526971223DC9600AACD22 /* CFobError.m */,
			);
			name = Source;
			sourceTree = "<group>";
		};
		08FB779DFE84155DC02AAC07 /* External Frameworks and Libraries */ = {
			isa = PBXGroup;
			children = (
				303524D01223BE4D00AACD22 /* libcrypto.dylib */,
				303524D61223BE6700AACD22 /* Foundation.framework */,
			);
			name = "External Frameworks and Libraries";
			sourceTree = "<group>";
		};
		1AB674ADFE9D54B511CA2CBB /* Products */ = {
			isa = PBXGroup;
			children = (
				303524081223BB9600AACD22 /* CocoaFob.framework */,
			);
			name = Products;
			sourceTree = "<group>";
		};
		3035240E1223BC0400AACD22 /* Framework */ = {
			isa = PBXGroup;
			children = (
				303524091223BB9600AACD22 /* CocoaFob-Info.plist */,
			);
			name = Framework;
			sourceTree = "<group>";
		};
		C6859EA2029092E104C91782 /* Documentation */ = {
			isa = PBXGroup;
			children = (
				C6859EA3029092ED04C91782 /* cocoafob.1 */,
			);
			name = Documentation;
			sourceTree = "<group>";
		};
		C7A731660F5F42C000D40AFE /* Dave Dribin */ = {
			isa = PBXGroup;
			children = (
				C7A731670F5F42D500D40AFE /* NSString-Base64Extensions.h */,
				C7A731680F5F42D500D40AFE /* NSString-Base64Extensions.m */,
			);
			name = "Dave Dribin";
			sourceTree = "<group>";
		};
		C7E378530F59DB1E002061CD /* PECategories */ = {
			isa = PBXGroup;
			children = (
				C7E3784B0F59DB15002061CD /* NSData+PECrypt.h */,
				C7E3784C0F59DB15002061CD /* NSData+PECrypt.m */,
				C7E3784D0F59DB15002061CD /* NSString+PECrypt.h */,
				C7E3784E0F59DB15002061CD /* NSString+PECrypt.m */,
			);
			name = PECategories;
			sourceTree = "<group>";
		};
		C7E378540F59DB33002061CD /* Base32 */ = {
			isa = PBXGroup;
			children = (
				C7E378410F59D737002061CD /* decoder.c */,
				C7E378420F59D737002061CD /* decoder.h */,
				C7E378430F59D737002061CD /* encoder.c */,
				C7E378440F59D737002061CD /* encoder.h */,
			);
			name = Base32;
			sourceTree = "<group>";
		};
/* End PBXGroup section */

/* Begin PBXHeadersBuildPhase section */
		303524031223BB9600AACD22 /* Headers */ = {
			isa = PBXHeadersBuildPhase;
			buildActionMask = 2147483647;
			files = (
				3035258D1223C01100AACD22 /* NSData+PECrypt.h in Headers */,
				3035258E1223C01100AACD22 /* NSString+PECrypt.h in Headers */,
				3035258F1223C01100AACD22 /* NSString-Base64Extensions.h in Headers */,
				303525881223BFFF00AACD22 /* decoder.h in Headers */,
				303525891223BFFF00AACD22 /* encoder.h in Headers */,
				303524231223BCB500AACD22 /* CFobLicVerifier.h in Headers */,
				303524241223BCBA00AACD22 /* CFobLicGenerator.h in Headers */,
				303526851223D4DA00AACD22 /* CFobError.h in Headers */,
			);
			runOnlyForDeploymentPostprocessing = 0;
		};
/* End PBXHeadersBuildPhase section */

/* Begin PBXNativeTarget section */
		303524071223BB9600AACD22 /* CocoaFob */ = {
			isa = PBXNativeTarget;
			buildConfigurationList = 3035240C1223BB9700AACD22 /* Build configuration list for PBXNativeTarget "CocoaFob" */;
			buildPhases = (
				303524031223BB9600AACD22 /* Headers */,
				303524041223BB9600AACD22 /* Resources */,
				303524051223BB9600AACD22 /* Sources */,
				303524061223BB9600AACD22 /* Frameworks */,
			);
			buildRules = (
			);
			dependencies = (
			);
			name = CocoaFob;
			productName = CocoaFob;
			productReference = 303524081223BB9600AACD22 /* CocoaFob.framework */;
			productType = "com.apple.product-type.framework";
		};
/* End PBXNativeTarget section */

/* Begin PBXProject section */
		08FB7793FE84155DC02AAC07 /* Project object */ = {
			isa = PBXProject;
			buildConfigurationList = 1DEB927808733DD40010E9CD /* Build configuration list for PBXProject "cocoafob" */;
			compatibilityVersion = "Xcode 3.1";
			hasScannedForEncodings = 1;
			mainGroup = 08FB7794FE84155DC02AAC07 /* cocoafob */;
			projectDirPath = "";
			projectRoot = "";
			targets = (
				303524071223BB9600AACD22 /* CocoaFob */,
			);
		};
/* End PBXProject section */

/* Begin PBXResourcesBuildPhase section */
		303524041223BB9600AACD22 /* Resources */ = {
			isa = PBXResourcesBuildPhase;
			buildActionMask = 2147483647;
			files = (
			);
			runOnlyForDeploymentPostprocessing = 0;
		};
/* End PBXResourcesBuildPhase section */

/* Begin PBXSourcesBuildPhase section */
		303524051223BB9600AACD22 /* Sources */ = {
			isa = PBXSourcesBuildPhase;
			buildActionMask = 2147483647;
			files = (
				303524101223BC2200AACD22 /* decoder.c in Sources */,
				303524111223BC2200AACD22 /* encoder.c in Sources */,
				303524121223BC2200AACD22 /* CFobLicGenerator.m in Sources */,
				303524131223BC2200AACD22 /* CFobLicVerifier.m in Sources */,
				303524141223BC2200AACD22 /* NSData+PECrypt.m in Sources */,
				303524151223BC2200AACD22 /* NSString+PECrypt.m in Sources */,
				303524161223BC2200AACD22 /* NSString-Base64Extensions.m in Sources */,
				303526981223DC9600AACD22 /* CFobError.m in Sources */,
			);
			runOnlyForDeploymentPostprocessing = 0;
		};
/* End PBXSourcesBuildPhase section */

/* Begin XCBuildConfiguration section */
		1DEB927908733DD40010E9CD /* Debug */ = {
			isa = XCBuildConfiguration;
			buildSettings = {
				ARCHS = "$(ARCHS_STANDARD_32_BIT)";
				GCC_C_LANGUAGE_STANDARD = c99;
				GCC_OPTIMIZATION_LEVEL = 0;
				GCC_WARN_ABOUT_RETURN_TYPE = YES;
				GCC_WARN_UNUSED_VARIABLE = YES;
				ONLY_ACTIVE_ARCH = YES;
				PREBINDING = NO;
				SDKROOT = macosx10.5;
			};
			name = Debug;
		};
		1DEB927A08733DD40010E9CD /* Release */ = {
			isa = XCBuildConfiguration;
			buildSettings = {
				ARCHS = "$(ARCHS_STANDARD_32_BIT)";
				GCC_C_LANGUAGE_STANDARD = c99;
				GCC_WARN_ABOUT_RETURN_TYPE = YES;
				GCC_WARN_UNUSED_VARIABLE = YES;
				PREBINDING = NO;
				SDKROOT = macosx10.5;
			};
			name = Release;
		};
		3035240A1223BB9700AACD22 /* Debug */ = {
			isa = XCBuildConfiguration;
			buildSettings = {
				ALWAYS_SEARCH_USER_PATHS = NO;
				ARCHS = "$(ARCHS_STANDARD_32_64_BIT)";
				COPY_PHASE_STRIP = NO;
				DYLIB_COMPATIBILITY_VERSION = 1;
				DYLIB_CURRENT_VERSION = 1;
				FRAMEWORK_VERSION = A;
				GCC_DYNAMIC_NO_PIC = NO;
				GCC_ENABLE_FIX_AND_CONTINUE = YES;
				GCC_ENABLE_OBJC_GC = unsupported;
				GCC_MODEL_TUNING = G5;
				GCC_OPTIMIZATION_LEVEL = 0;
				GCC_PRECOMPILE_PREFIX_HEADER = YES;
				GCC_PREFIX_HEADER = "";
				GCC_VERSION = com.apple.compilers.llvm.clang.1_0;
				INFOPLIST_FILE = "CocoaFob-Info.plist";
				INSTALL_PATH = "$(HOME)/Library/Frameworks";
				OTHER_LDFLAGS = (
					"-framework",
					Foundation,
					"-framework",
					AppKit,
				);
				PREBINDING = NO;
				PRODUCT_NAME = CocoaFob;
				SDKROOT = macosx10.6;
			};
			name = Debug;
		};
		3035240B1223BB9700AACD22 /* Release */ = {
			isa = XCBuildConfiguration;
			buildSettings = {
				ALWAYS_SEARCH_USER_PATHS = NO;
				ARCHS = "$(ARCHS_STANDARD_32_64_BIT)";
				COPY_PHASE_STRIP = YES;
				DEBUG_INFORMATION_FORMAT = "dwarf-with-dsym";
				DYLIB_COMPATIBILITY_VERSION = 1;
				DYLIB_CURRENT_VERSION = 1;
				FRAMEWORK_VERSION = A;
				GCC_ENABLE_FIX_AND_CONTINUE = NO;
				GCC_ENABLE_OBJC_GC = supported;
				GCC_GENERATE_DEBUGGING_SYMBOLS = NO;
				GCC_MODEL_TUNING = G5;
				GCC_PRECOMPILE_PREFIX_HEADER = YES;
				GCC_PREFIX_HEADER = "";
				GCC_VERSION = com.apple.compilers.llvm.clang.1_0;
				INFOPLIST_FILE = "CocoaFob-Info.plist";
				INSTALL_PATH = "$(HOME)/Library/Frameworks";
				OTHER_LDFLAGS = (
					"-framework",
					Foundation,
					"-framework",
					AppKit,
				);
				PREBINDING = NO;
				PRODUCT_NAME = CocoaFob;
				SDKROOT = macosx10.6;
				ZERO_LINK = NO;
			};
			name = Release;
		};
/* End XCBuildConfiguration section */

/* Begin XCConfigurationList section */
		1DEB927808733DD40010E9CD /* Build configuration list for PBXProject "cocoafob" */ = {
			isa = XCConfigurationList;
			buildConfigurations = (
				1DEB927908733DD40010E9CD /* Debug */,
				1DEB927A08733DD40010E9CD /* Release */,
			);
			defaultConfigurationIsVisible = 0;
			defaultConfigurationName = Release;
		};
		3035240C1223BB9700AACD22 /* Build configuration list for PBXNativeTarget "CocoaFob" */ = {
			isa = XCConfigurationList;
			buildConfigurations = (
				3035240A1223BB9700AACD22 /* Debug */,
				3035240B1223BB9700AACD22 /* Release */,
			);
			defaultConfigurationIsVisible = 0;
			defaultConfigurationName = Release;
		};
/* End XCConfigurationList section */
	};
	rootObject = 08FB7793FE84155DC02AAC07 /* Project object */;
}
