// !$*UTF8*$!
{
	archiveVersion = 1;
	classes = {
	};
	objectVersion = 46;
	objects = {

/* Begin PBXBuildFile section */
		303524121223BC2200AACD22 /* CFobLicGenerator.m in Sources */ = {isa = PBXBuildFile; fileRef = C7E378480F59DB15002061CD /* CFobLicGenerator.m */; };
		303524131223BC2200AACD22 /* CFobLicVerifier.m in Sources */ = {isa = PBXBuildFile; fileRef = C7E3784A0F59DB15002061CD /* CFobLicVerifier.m */; };
		303524231223BCB500AACD22 /* CFobLicVerifier.h in Headers */ = {isa = PBXBuildFile; fileRef = C7E378490F59DB15002061CD /* CFobLicVerifier.h */; settings = {ATTRIBUTES = (Public, ); }; };
		303524241223BCBA00AACD22 /* CFobLicGenerator.h in Headers */ = {isa = PBXBuildFile; fileRef = C7E378470F59DB15002061CD /* CFobLicGenerator.h */; settings = {ATTRIBUTES = (Public, ); }; };
		303524D71223BE6700AACD22 /* Foundation.framework in Frameworks */ = {isa = PBXBuildFile; fileRef = 303524D61223BE6700AACD22 /* Foundation.framework */; };
		303526851223D4DA00AACD22 /* CFobError.h in Headers */ = {isa = PBXBuildFile; fileRef = 303526831223D4DA00AACD22 /* CFobError.h */; };
		303526981223DC9600AACD22 /* CFobError.m in Sources */ = {isa = PBXBuildFile; fileRef = 303526971223DC9600AACD22 /* CFobError.m */; };
		303526F41223E4C900AACD22 /* CocoaFob.framework in Frameworks */ = {isa = PBXBuildFile; fileRef = 303524081223BB9600AACD22 /* CocoaFob.framework */; };
		303526FC1223E56000AACD22 /* cocoafob.m in Sources */ = {isa = PBXBuildFile; fileRef = 08FB7796FE84155DC02AAC07 /* cocoafob.m */; };
		C70720321B48C8D80083F859 /* CocoaFobTests.m in Sources */ = {isa = PBXBuildFile; fileRef = C70720311B48C8D80083F859 /* CocoaFobTests.m */; };
		C70720341B48C8D80083F859 /* CocoaFobARC.framework in Frameworks */ = {isa = PBXBuildFile; fileRef = C7F7EF2C1577F3D90067C3A3 /* CocoaFobARC.framework */; };
		C74F939215F28769004C00EA /* Security.framework in Frameworks */ = {isa = PBXBuildFile; fileRef = C74F939115F28769004C00EA /* Security.framework */; };
		C74F939315F28776004C00EA /* Security.framework in Frameworks */ = {isa = PBXBuildFile; fileRef = C74F939115F28769004C00EA /* Security.framework */; };
		C7F7EF191577F3D90067C3A3 /* CFobLicVerifier.h in Headers */ = {isa = PBXBuildFile; fileRef = C7E378490F59DB15002061CD /* CFobLicVerifier.h */; settings = {ATTRIBUTES = (Public, ); }; };
		C7F7EF1A1577F3D90067C3A3 /* CFobLicGenerator.h in Headers */ = {isa = PBXBuildFile; fileRef = C7E378470F59DB15002061CD /* CFobLicGenerator.h */; settings = {ATTRIBUTES = (Public, ); }; };
		C7F7EF1B1577F3D90067C3A3 /* CFobError.h in Headers */ = {isa = PBXBuildFile; fileRef = 303526831223D4DA00AACD22 /* CFobError.h */; };
		C7F7EF201577F3D90067C3A3 /* CFobLicGenerator.m in Sources */ = {isa = PBXBuildFile; fileRef = C7E378480F59DB15002061CD /* CFobLicGenerator.m */; };
		C7F7EF211577F3D90067C3A3 /* CFobLicVerifier.m in Sources */ = {isa = PBXBuildFile; fileRef = C7E3784A0F59DB15002061CD /* CFobLicVerifier.m */; };
		C7F7EF251577F3D90067C3A3 /* CFobError.m in Sources */ = {isa = PBXBuildFile; fileRef = 303526971223DC9600AACD22 /* CFobError.m */; };
		C7F7EF281577F3D90067C3A3 /* Foundation.framework in Frameworks */ = {isa = PBXBuildFile; fileRef = 303524D61223BE6700AACD22 /* Foundation.framework */; };
/* End PBXBuildFile section */

/* Begin PBXContainerItemProxy section */
		303526F01223E4C200AACD22 /* PBXContainerItemProxy */ = {
			isa = PBXContainerItemProxy;
			containerPortal = 08FB7793FE84155DC02AAC07 /* Project object */;
			proxyType = 1;
			remoteGlobalIDString = 303524071223BB9600AACD22;
			remoteInfo = CocoaFob;
		};
		C70720351B48C8D80083F859 /* PBXContainerItemProxy */ = {
			isa = PBXContainerItemProxy;
			containerPortal = 08FB7793FE84155DC02AAC07 /* Project object */;
			proxyType = 1;
			remoteGlobalIDString = C7F7EF121577F3D90067C3A3;
			remoteInfo = CocoaFobARC;
		};
/* End PBXContainerItemProxy section */

/* Begin PBXFileReference section */
		08FB7796FE84155DC02AAC07 /* cocoafob.m */ = {isa = PBXFileReference; fileEncoding = 4; lastKnownFileType = sourcecode.c.objc; path = cocoafob.m; sourceTree = "<group>"; };
		303524081223BB9600AACD22 /* CocoaFob.framework */ = {isa = PBXFileReference; explicitFileType = wrapper.framework; includeInIndex = 0; path = CocoaFob.framework; sourceTree = BUILT_PRODUCTS_DIR; };
		303524091223BB9600AACD22 /* CocoaFob-Info.plist */ = {isa = PBXFileReference; lastKnownFileType = text.plist.xml; path = "CocoaFob-Info.plist"; sourceTree = "<group>"; };
		303524D61223BE6700AACD22 /* Foundation.framework */ = {isa = PBXFileReference; lastKnownFileType = wrapper.framework; name = Foundation.framework; path = System/Library/Frameworks/Foundation.framework; sourceTree = SDKROOT; };
		303526831223D4DA00AACD22 /* CFobError.h */ = {isa = PBXFileReference; fileEncoding = 4; lastKnownFileType = sourcecode.c.h; path = CFobError.h; sourceTree = "<group>"; };
		303526971223DC9600AACD22 /* CFobError.m */ = {isa = PBXFileReference; fileEncoding = 4; lastKnownFileType = sourcecode.c.objc; path = CFobError.m; sourceTree = "<group>"; };
		303526E91223E45100AACD22 /* cocoafob */ = {isa = PBXFileReference; explicitFileType = "compiled.mach-o.executable"; includeInIndex = 0; path = cocoafob; sourceTree = BUILT_PRODUCTS_DIR; };
		C6859EA3029092ED04C91782 /* cocoafob.1 */ = {isa = PBXFileReference; lastKnownFileType = text.man; path = cocoafob.1; sourceTree = "<group>"; };
		C707202F1B48C8D80083F859 /* CocoaFobTests.xctest */ = {isa = PBXFileReference; explicitFileType = wrapper.cfbundle; includeInIndex = 0; path = CocoaFobTests.xctest; sourceTree = BUILT_PRODUCTS_DIR; };
		C70720311B48C8D80083F859 /* CocoaFobTests.m */ = {isa = PBXFileReference; lastKnownFileType = sourcecode.c.objc; path = CocoaFobTests.m; sourceTree = "<group>"; };
		C70720331B48C8D80083F859 /* Info.plist */ = {isa = PBXFileReference; lastKnownFileType = text.plist.xml; path = Info.plist; sourceTree = "<group>"; };
		C74F939115F28769004C00EA /* Security.framework */ = {isa = PBXFileReference; lastKnownFileType = wrapper.framework; name = Security.framework; path = System/Library/Frameworks/Security.framework; sourceTree = SDKROOT; };
		C7E378470F59DB15002061CD /* CFobLicGenerator.h */ = {isa = PBXFileReference; fileEncoding = 4; lastKnownFileType = sourcecode.c.h; path = CFobLicGenerator.h; sourceTree = "<group>"; };
		C7E378480F59DB15002061CD /* CFobLicGenerator.m */ = {isa = PBXFileReference; fileEncoding = 4; lastKnownFileType = sourcecode.c.objc; path = CFobLicGenerator.m; sourceTree = "<group>"; usesTabs = 1; };
		C7E378490F59DB15002061CD /* CFobLicVerifier.h */ = {isa = PBXFileReference; fileEncoding = 4; lastKnownFileType = sourcecode.c.h; path = CFobLicVerifier.h; sourceTree = "<group>"; usesTabs = 1; };
		C7E3784A0F59DB15002061CD /* CFobLicVerifier.m */ = {isa = PBXFileReference; fileEncoding = 4; lastKnownFileType = sourcecode.c.objc; path = CFobLicVerifier.m; sourceTree = "<group>"; usesTabs = 1; };
		C7F7EF2C1577F3D90067C3A3 /* CocoaFobARC.framework */ = {isa = PBXFileReference; explicitFileType = wrapper.framework; includeInIndex = 0; path = CocoaFobARC.framework; sourceTree = BUILT_PRODUCTS_DIR; };
		C7F7EF2D1577F3D90067C3A3 /* CocoaFobARC-Info.plist */ = {isa = PBXFileReference; lastKnownFileType = text.plist.xml; name = "CocoaFobARC-Info.plist"; path = "/Users/glebd/git/cocoafob/objc/CocoaFobARC-Info.plist"; sourceTree = "<absolute>"; };
/* End PBXFileReference section */

/* Begin PBXFrameworksBuildPhase section */
		303524061223BB9600AACD22 /* Frameworks */ = {
			isa = PBXFrameworksBuildPhase;
			buildActionMask = 2147483647;
			files = (
				C74F939315F28776004C00EA /* Security.framework in Frameworks */,
				303524D71223BE6700AACD22 /* Foundation.framework in Frameworks */,
			);
			runOnlyForDeploymentPostprocessing = 0;
		};
		303526E71223E45100AACD22 /* Frameworks */ = {
			isa = PBXFrameworksBuildPhase;
			buildActionMask = 2147483647;
			files = (
				303526F41223E4C900AACD22 /* CocoaFob.framework in Frameworks */,
			);
			runOnlyForDeploymentPostprocessing = 0;
		};
		C707202C1B48C8D80083F859 /* Frameworks */ = {
			isa = PBXFrameworksBuildPhase;
			buildActionMask = 2147483647;
			files = (
				C70720341B48C8D80083F859 /* CocoaFobARC.framework in Frameworks */,
			);
			runOnlyForDeploymentPostprocessing = 0;
		};
		C7F7EF261577F3D90067C3A3 /* Frameworks */ = {
			isa = PBXFrameworksBuildPhase;
			buildActionMask = 2147483647;
			files = (
				C74F939215F28769004C00EA /* Security.framework in Frameworks */,
				C7F7EF281577F3D90067C3A3 /* Foundation.framework in Frameworks */,
			);
			runOnlyForDeploymentPostprocessing = 0;
		};
/* End PBXFrameworksBuildPhase section */

/* Begin PBXGroup section */
		08FB7794FE84155DC02AAC07 /* cocoafob */ = {
			isa = PBXGroup;
			children = (
				08FB7795FE84155DC02AAC07 /* Source */,
				C70720301B48C8D80083F859 /* CocoaFobTests */,
				3035240E1223BC0400AACD22 /* Framework */,
				C6859EA2029092E104C91782 /* Documentation */,
				C7CA0D8815F1BFA900C7E9CD /* Frameworks */,
				1AB674ADFE9D54B511CA2CBB /* Products */,
			);
			indentWidth = 4;
			name = cocoafob;
			sourceTree = "<group>";
			tabWidth = 4;
		};
		08FB7795FE84155DC02AAC07 /* Source */ = {
			isa = PBXGroup;
			children = (
				303526E21223E3FF00AACD22 /* Cmd Line Tool */,
				C7E378470F59DB15002061CD /* CFobLicGenerator.h */,
				C7E378480F59DB15002061CD /* CFobLicGenerator.m */,
				C7E378490F59DB15002061CD /* CFobLicVerifier.h */,
				C7E3784A0F59DB15002061CD /* CFobLicVerifier.m */,
				303526831223D4DA00AACD22 /* CFobError.h */,
				303526971223DC9600AACD22 /* CFobError.m */,
			);
			name = Source;
			sourceTree = "<group>";
		};
		1AB674ADFE9D54B511CA2CBB /* Products */ = {
			isa = PBXGroup;
			children = (
				303524081223BB9600AACD22 /* CocoaFob.framework */,
				303526E91223E45100AACD22 /* cocoafob */,
				C7F7EF2C1577F3D90067C3A3 /* CocoaFobARC.framework */,
				C707202F1B48C8D80083F859 /* CocoaFobTests.xctest */,
			);
			name = Products;
			sourceTree = "<group>";
		};
		3035240E1223BC0400AACD22 /* Framework */ = {
			isa = PBXGroup;
			children = (
				303524091223BB9600AACD22 /* CocoaFob-Info.plist */,
				C7F7EF2D1577F3D90067C3A3 /* CocoaFobARC-Info.plist */,
			);
			name = Framework;
			sourceTree = "<group>";
		};
		303526E21223E3FF00AACD22 /* Cmd Line Tool */ = {
			isa = PBXGroup;
			children = (
				08FB7796FE84155DC02AAC07 /* cocoafob.m */,
			);
			name = "Cmd Line Tool";
			sourceTree = "<group>";
		};
		C6859EA2029092E104C91782 /* Documentation */ = {
			isa = PBXGroup;
			children = (
				C6859EA3029092ED04C91782 /* cocoafob.1 */,
			);
			name = Documentation;
			sourceTree = "<group>";
		};
		C70720301B48C8D80083F859 /* CocoaFobTests */ = {
			isa = PBXGroup;
			children = (
				C70720311B48C8D80083F859 /* CocoaFobTests.m */,
				C70720331B48C8D80083F859 /* Info.plist */,
			);
			path = CocoaFobTests;
			sourceTree = "<group>";
		};
		C7CA0D8815F1BFA900C7E9CD /* Frameworks */ = {
			isa = PBXGroup;
			children = (
				303524D61223BE6700AACD22 /* Foundation.framework */,
				C74F939115F28769004C00EA /* Security.framework */,
			);
			name = Frameworks;
			sourceTree = "<group>";
		};
/* End PBXGroup section */

/* Begin PBXHeadersBuildPhase section */
		303524031223BB9600AACD22 /* Headers */ = {
			isa = PBXHeadersBuildPhase;
			buildActionMask = 2147483647;
			files = (
				303524231223BCB500AACD22 /* CFobLicVerifier.h in Headers */,
				303524241223BCBA00AACD22 /* CFobLicGenerator.h in Headers */,
				303526851223D4DA00AACD22 /* CFobError.h in Headers */,
			);
			runOnlyForDeploymentPostprocessing = 0;
		};
		C7F7EF131577F3D90067C3A3 /* Headers */ = {
			isa = PBXHeadersBuildPhase;
			buildActionMask = 2147483647;
			files = (
				C7F7EF191577F3D90067C3A3 /* CFobLicVerifier.h in Headers */,
				C7F7EF1A1577F3D90067C3A3 /* CFobLicGenerator.h in Headers */,
				C7F7EF1B1577F3D90067C3A3 /* CFobError.h in Headers */,
			);
			runOnlyForDeploymentPostprocessing = 0;
		};
/* End PBXHeadersBuildPhase section */

/* Begin PBXNativeTarget section */
		303524071223BB9600AACD22 /* CocoaFob */ = {
			isa = PBXNativeTarget;
			buildConfigurationList = 3035240C1223BB9700AACD22 /* Build configuration list for PBXNativeTarget "CocoaFob" */;
			buildPhases = (
				303524031223BB9600AACD22 /* Headers */,
				303524041223BB9600AACD22 /* Resources */,
				303524051223BB9600AACD22 /* Sources */,
				303524061223BB9600AACD22 /* Frameworks */,
			);
			buildRules = (
			);
			dependencies = (
			);
			name = CocoaFob;
			productName = CocoaFob;
			productReference = 303524081223BB9600AACD22 /* CocoaFob.framework */;
			productType = "com.apple.product-type.framework";
		};
		303526E81223E45100AACD22 /* cocoafob */ = {
			isa = PBXNativeTarget;
			buildConfigurationList = 303526EE1223E48200AACD22 /* Build configuration list for PBXNativeTarget "cocoafob" */;
			buildPhases = (
				303526E61223E45100AACD22 /* Sources */,
				303526E71223E45100AACD22 /* Frameworks */,
			);
			buildRules = (
			);
			dependencies = (
				303526F11223E4C200AACD22 /* PBXTargetDependency */,
			);
			name = cocoafob;
			productName = cocoafob;
			productReference = 303526E91223E45100AACD22 /* cocoafob */;
			productType = "com.apple.product-type.tool";
		};
		C707202E1B48C8D80083F859 /* CocoaFobTests */ = {
			isa = PBXNativeTarget;
			buildConfigurationList = C70720371B48C8D80083F859 /* Build configuration list for PBXNativeTarget "CocoaFobTests" */;
			buildPhases = (
				C707202B1B48C8D80083F859 /* Sources */,
				C707202C1B48C8D80083F859 /* Frameworks */,
				C707202D1B48C8D80083F859 /* Resources */,
			);
			buildRules = (
			);
			dependencies = (
				C70720361B48C8D80083F859 /* PBXTargetDependency */,
			);
			name = CocoaFobTests;
			productName = CocoaFobTests;
			productReference = C707202F1B48C8D80083F859 /* CocoaFobTests.xctest */;
			productType = "com.apple.product-type.bundle.unit-test";
		};
		C7F7EF121577F3D90067C3A3 /* CocoaFobARC */ = {
			isa = PBXNativeTarget;
			buildConfigurationList = C7F7EF291577F3D90067C3A3 /* Build configuration list for PBXNativeTarget "CocoaFobARC" */;
			buildPhases = (
				C7F7EF131577F3D90067C3A3 /* Headers */,
				C7F7EF1C1577F3D90067C3A3 /* Resources */,
				C7F7EF1D1577F3D90067C3A3 /* Sources */,
				C7F7EF261577F3D90067C3A3 /* Frameworks */,
			);
			buildRules = (
			);
			dependencies = (
			);
			name = CocoaFobARC;
			productName = CocoaFob;
			productReference = C7F7EF2C1577F3D90067C3A3 /* CocoaFobARC.framework */;
			productType = "com.apple.product-type.framework";
		};
/* End PBXNativeTarget section */

/* Begin PBXProject section */
		08FB7793FE84155DC02AAC07 /* Project object */ = {
			isa = PBXProject;
			attributes = {
				LastTestingUpgradeCheck = 0700;
				LastUpgradeCheck = 0700;
				TargetAttributes = {
					C707202E1B48C8D80083F859 = {
						CreatedOnToolsVersion = 7.0;
					};
				};
			};
			buildConfigurationList = 1DEB927808733DD40010E9CD /* Build configuration list for PBXProject "cocoafob" */;
			compatibilityVersion = "Xcode 3.2";
			developmentRegion = English;
			hasScannedForEncodings = 1;
			knownRegions = (
				en,
			);
			mainGroup = 08FB7794FE84155DC02AAC07 /* cocoafob */;
			projectDirPath = "";
			projectRoot = "";
			targets = (
				303524071223BB9600AACD22 /* CocoaFob */,
				303526E81223E45100AACD22 /* cocoafob */,
				C7F7EF121577F3D90067C3A3 /* CocoaFobARC */,
				C707202E1B48C8D80083F859 /* CocoaFobTests */,
			);
		};
/* End PBXProject section */

/* Begin PBXResourcesBuildPhase section */
		303524041223BB9600AACD22 /* Resources */ = {
			isa = PBXResourcesBuildPhase;
			buildActionMask = 2147483647;
			files = (
			);
			runOnlyForDeploymentPostprocessing = 0;
		};
		C707202D1B48C8D80083F859 /* Resources */ = {
			isa = PBXResourcesBuildPhase;
			buildActionMask = 2147483647;
			files = (
			);
			runOnlyForDeploymentPostprocessing = 0;
		};
		C7F7EF1C1577F3D90067C3A3 /* Resources */ = {
			isa = PBXResourcesBuildPhase;
			buildActionMask = 2147483647;
			files = (
			);
			runOnlyForDeploymentPostprocessing = 0;
		};
/* End PBXResourcesBuildPhase section */

/* Begin PBXSourcesBuildPhase section */
		303524051223BB9600AACD22 /* Sources */ = {
			isa = PBXSourcesBuildPhase;
			buildActionMask = 2147483647;
			files = (
				303524121223BC2200AACD22 /* CFobLicGenerator.m in Sources */,
				303524131223BC2200AACD22 /* CFobLicVerifier.m in Sources */,
				303526981223DC9600AACD22 /* CFobError.m in Sources */,
			);
			runOnlyForDeploymentPostprocessing = 0;
		};
		303526E61223E45100AACD22 /* Sources */ = {
			isa = PBXSourcesBuildPhase;
			buildActionMask = 2147483647;
			files = (
				303526FC1223E56000AACD22 /* cocoafob.m in Sources */,
			);
			runOnlyForDeploymentPostprocessing = 0;
		};
		C707202B1B48C8D80083F859 /* Sources */ = {
			isa = PBXSourcesBuildPhase;
			buildActionMask = 2147483647;
			files = (
				C70720321B48C8D80083F859 /* CocoaFobTests.m in Sources */,
			);
			runOnlyForDeploymentPostprocessing = 0;
		};
		C7F7EF1D1577F3D90067C3A3 /* Sources */ = {
			isa = PBXSourcesBuildPhase;
			buildActionMask = 2147483647;
			files = (
				C7F7EF201577F3D90067C3A3 /* CFobLicGenerator.m in Sources */,
				C7F7EF211577F3D90067C3A3 /* CFobLicVerifier.m in Sources */,
				C7F7EF251577F3D90067C3A3 /* CFobError.m in Sources */,
			);
			runOnlyForDeploymentPostprocessing = 0;
		};
/* End PBXSourcesBuildPhase section */

/* Begin PBXTargetDependency section */
		303526F11223E4C200AACD22 /* PBXTargetDependency */ = {
			isa = PBXTargetDependency;
			target = 303524071223BB9600AACD22 /* CocoaFob */;
			targetProxy = 303526F01223E4C200AACD22 /* PBXContainerItemProxy */;
		};
		C70720361B48C8D80083F859 /* PBXTargetDependency */ = {
			isa = PBXTargetDependency;
			target = C7F7EF121577F3D90067C3A3 /* CocoaFobARC */;
			targetProxy = C70720351B48C8D80083F859 /* PBXContainerItemProxy */;
		};
/* End PBXTargetDependency section */

/* Begin XCBuildConfiguration section */
		1DEB927908733DD40010E9CD /* Debug */ = {
			isa = XCBuildConfiguration;
			buildSettings = {
				ENABLE_TESTABILITY = YES;
				GCC_C_LANGUAGE_STANDARD = c99;
				GCC_OPTIMIZATION_LEVEL = 0;
				GCC_WARN_ABOUT_RETURN_TYPE = YES;
				GCC_WARN_UNUSED_VARIABLE = YES;
				ONLY_ACTIVE_ARCH = YES;
				SDKROOT = macosx;
			};
			name = Debug;
		};
		1DEB927A08733DD40010E9CD /* Release */ = {
			isa = XCBuildConfiguration;
			buildSettings = {
				GCC_C_LANGUAGE_STANDARD = c99;
				GCC_WARN_ABOUT_RETURN_TYPE = YES;
				GCC_WARN_UNUSED_VARIABLE = YES;
				SDKROOT = macosx;
			};
			name = Release;
		};
		3035240A1223BB9700AACD22 /* Debug */ = {
			isa = XCBuildConfiguration;
			buildSettings = {
				ALWAYS_SEARCH_USER_PATHS = NO;
				COMBINE_HIDPI_IMAGES = YES;
				COPY_PHASE_STRIP = NO;
				DYLIB_COMPATIBILITY_VERSION = 1;
				DYLIB_CURRENT_VERSION = 1;
				FRAMEWORK_VERSION = A;
				GCC_DYNAMIC_NO_PIC = NO;
				GCC_MODEL_TUNING = G5;
				GCC_OPTIMIZATION_LEVEL = 0;
				GCC_PRECOMPILE_PREFIX_HEADER = YES;
				GCC_PREFIX_HEADER = "";
				GCC_VERSION = com.apple.compilers.llvm.clang.1_0;
				INFOPLIST_FILE = "CocoaFob-Info.plist";
				INSTALL_PATH = "$(HOME)/Library/Frameworks";
				OTHER_LDFLAGS = (
					"-framework",
					Foundation,
					"-framework",
					AppKit,
				);
				PRODUCT_BUNDLE_IDENTIFIER = com.pixelespresso.cocoafob;
				PRODUCT_NAME = CocoaFob;
				SDKROOT = macosx;
			};
			name = Debug;
		};
		3035240B1223BB9700AACD22 /* Release */ = {
			isa = XCBuildConfiguration;
			buildSettings = {
				ALWAYS_SEARCH_USER_PATHS = NO;
				COMBINE_HIDPI_IMAGES = YES;
				COPY_PHASE_STRIP = YES;
				DEBUG_INFORMATION_FORMAT = "dwarf-with-dsym";
				DYLIB_COMPATIBILITY_VERSION = 1;
				DYLIB_CURRENT_VERSION = 1;
				FRAMEWORK_VERSION = A;
				GCC_GENERATE_DEBUGGING_SYMBOLS = NO;
				GCC_MODEL_TUNING = G5;
				GCC_PRECOMPILE_PREFIX_HEADER = YES;
				GCC_PREFIX_HEADER = "";
				GCC_VERSION = com.apple.compilers.llvm.clang.1_0;
				INFOPLIST_FILE = "CocoaFob-Info.plist";
				INSTALL_PATH = "$(HOME)/Library/Frameworks";
				OTHER_LDFLAGS = (
					"-framework",
					Foundation,
					"-framework",
					AppKit,
				);
				PRODUCT_BUNDLE_IDENTIFIER = com.pixelespresso.cocoafob;
				PRODUCT_NAME = CocoaFob;
				SDKROOT = macosx;
				ZERO_LINK = NO;
			};
			name = Release;
		};
		303526EB1223E45100AACD22 /* Debug */ = {
			isa = XCBuildConfiguration;
			buildSettings = {
				ALWAYS_SEARCH_USER_PATHS = NO;
				COPY_PHASE_STRIP = NO;
				GCC_DYNAMIC_NO_PIC = NO;
				GCC_MODEL_TUNING = G5;
				GCC_OPTIMIZATION_LEVEL = 0;
				GCC_PRECOMPILE_PREFIX_HEADER = YES;
				GCC_VERSION = com.apple.compilers.llvm.clang.1_0;
				INSTALL_PATH = /usr/local/bin;
				OTHER_LDFLAGS = (
					"-framework",
					Foundation,
					"-framework",
					AppKit,
				);
				PRODUCT_NAME = cocoafob;
				SDKROOT = macosx;
			};
			name = Debug;
		};
		303526EC1223E45100AACD22 /* Release */ = {
			isa = XCBuildConfiguration;
			buildSettings = {
				ALWAYS_SEARCH_USER_PATHS = NO;
				COPY_PHASE_STRIP = YES;
				DEBUG_INFORMATION_FORMAT = "dwarf-with-dsym";
				GCC_MODEL_TUNING = G5;
				GCC_PRECOMPILE_PREFIX_HEADER = YES;
				GCC_VERSION = com.apple.compilers.llvm.clang.1_0;
				INSTALL_PATH = /usr/local/bin;
				OTHER_LDFLAGS = (
					"-framework",
					Foundation,
					"-framework",
					AppKit,
				);
				PRODUCT_NAME = cocoafob;
				SDKROOT = macosx;
				ZERO_LINK = NO;
			};
			name = Release;
		};
		C70720381B48C8D80083F859 /* Debug */ = {
			isa = XCBuildConfiguration;
			buildSettings = {
				ALWAYS_SEARCH_USER_PATHS = NO;
				CLANG_CXX_LANGUAGE_STANDARD = "gnu++0x";
				CLANG_CXX_LIBRARY = "libc++";
				CLANG_ENABLE_MODULES = YES;
				CLANG_ENABLE_OBJC_ARC = YES;
				CLANG_WARN_BOOL_CONVERSION = YES;
				CLANG_WARN_CONSTANT_CONVERSION = YES;
				CLANG_WARN_DIRECT_OBJC_ISA_USAGE = YES_ERROR;
				CLANG_WARN_EMPTY_BODY = YES;
				CLANG_WARN_ENUM_CONVERSION = YES;
				CLANG_WARN_INT_CONVERSION = YES;
				CLANG_WARN_OBJC_ROOT_CLASS = YES_ERROR;
				CLANG_WARN_UNREACHABLE_CODE = YES;
				CLANG_WARN__DUPLICATE_METHOD_MATCH = YES;
				COMBINE_HIDPI_IMAGES = YES;
				COPY_PHASE_STRIP = NO;
				DEBUG_INFORMATION_FORMAT = dwarf;
				ENABLE_STRICT_OBJC_MSGSEND = YES;
				ENABLE_TESTABILITY = YES;
				GCC_C_LANGUAGE_STANDARD = gnu99;
				GCC_DYNAMIC_NO_PIC = NO;
				GCC_NO_COMMON_BLOCKS = YES;
				GCC_PREPROCESSOR_DEFINITIONS = (
					"DEBUG=1",
					"$(inherited)",
				);
				GCC_WARN_64_TO_32_BIT_CONVERSION = YES;
				GCC_WARN_ABOUT_RETURN_TYPE = YES_ERROR;
				GCC_WARN_UNDECLARED_SELECTOR = YES;
				GCC_WARN_UNINITIALIZED_AUTOS = YES_AGGRESSIVE;
				GCC_WARN_UNUSED_FUNCTION = YES;
				INFOPLIST_FILE = CocoaFobTests/Info.plist;
				LD_RUNPATH_SEARCH_PATHS = "$(inherited) @executable_path/../Frameworks @loader_path/../Frameworks";
				MACOSX_DEPLOYMENT_TARGET = 10.10;
				MTL_ENABLE_DEBUG_INFO = YES;
				PRODUCT_BUNDLE_IDENTIFIER = com.pixelespresso.CocoaFobTests;
				PRODUCT_NAME = "$(TARGET_NAME)";
			};
			name = Debug;
		};
		C70720391B48C8D80083F859 /* Release */ = {
			isa = XCBuildConfiguration;
			buildSettings = {
				ALWAYS_SEARCH_USER_PATHS = NO;
				CLANG_CXX_LANGUAGE_STANDARD = "gnu++0x";
				CLANG_CXX_LIBRARY = "libc++";
				CLANG_ENABLE_MODULES = YES;
				CLANG_ENABLE_OBJC_ARC = YES;
				CLANG_WARN_BOOL_CONVERSION = YES;
				CLANG_WARN_CONSTANT_CONVERSION = YES;
				CLANG_WARN_DIRECT_OBJC_ISA_USAGE = YES_ERROR;
				CLANG_WARN_EMPTY_BODY = YES;
				CLANG_WARN_ENUM_CONVERSION = YES;
				CLANG_WARN_INT_CONVERSION = YES;
				CLANG_WARN_OBJC_ROOT_CLASS = YES_ERROR;
				CLANG_WARN_UNREACHABLE_CODE = YES;
				CLANG_WARN__DUPLICATE_METHOD_MATCH = YES;
				COMBINE_HIDPI_IMAGES = YES;
				COPY_PHASE_STRIP = NO;
				DEBUG_INFORMATION_FORMAT = "dwarf-with-dsym";
				ENABLE_NS_ASSERTIONS = NO;
				ENABLE_STRICT_OBJC_MSGSEND = YES;
				GCC_C_LANGUAGE_STANDARD = gnu99;
				GCC_NO_COMMON_BLOCKS = YES;
				GCC_WARN_64_TO_32_BIT_CONVERSION = YES;
				GCC_WARN_ABOUT_RETURN_TYPE = YES_ERROR;
				GCC_WARN_UNDECLARED_SELECTOR = YES;
				GCC_WARN_UNINITIALIZED_AUTOS = YES_AGGRESSIVE;
				GCC_WARN_UNUSED_FUNCTION = YES;
				INFOPLIST_FILE = CocoaFobTests/Info.plist;
				LD_RUNPATH_SEARCH_PATHS = "$(inherited) @executable_path/../Frameworks @loader_path/../Frameworks";
				MACOSX_DEPLOYMENT_TARGET = 10.10;
				MTL_ENABLE_DEBUG_INFO = NO;
				PRODUCT_BUNDLE_IDENTIFIER = com.pixelespresso.CocoaFobTests;
				PRODUCT_NAME = "$(TARGET_NAME)";
			};
			name = Release;
		};
		C7F7EF2A1577F3D90067C3A3 /* Debug */ = {
			isa = XCBuildConfiguration;
			buildSettings = {
				ALWAYS_SEARCH_USER_PATHS = NO;
				CLANG_ENABLE_OBJC_ARC = YES;
				CLANG_WARN_OBJCPP_ARC_ABI = YES;
				COMBINE_HIDPI_IMAGES = YES;
				COPY_PHASE_STRIP = NO;
				DYLIB_COMPATIBILITY_VERSION = 1;
				DYLIB_CURRENT_VERSION = 1;
				FRAMEWORK_VERSION = A;
				GCC_DYNAMIC_NO_PIC = NO;
				GCC_MODEL_TUNING = G5;
				GCC_OPTIMIZATION_LEVEL = 0;
				GCC_PRECOMPILE_PREFIX_HEADER = YES;
				GCC_PREFIX_HEADER = "";
				GCC_VERSION = com.apple.compilers.llvm.clang.1_0;
				INFOPLIST_FILE = "CocoaFobARC-Info.plist";
				INSTALL_PATH = "$(HOME)/Library/Frameworks";
				OTHER_LDFLAGS = (
					"-framework",
					Foundation,
					"-framework",
					AppKit,
				);
				PRODUCT_BUNDLE_IDENTIFIER = com.pixelespresso.cocoafob;
				PRODUCT_NAME = CocoaFobARC;
				SDKROOT = macosx;
			};
			name = Debug;
		};
		C7F7EF2B1577F3D90067C3A3 /* Release */ = {
			isa = XCBuildConfiguration;
			buildSettings = {
				ALWAYS_SEARCH_USER_PATHS = NO;
				CLANG_ENABLE_OBJC_ARC = YES;
				CLANG_WARN_OBJCPP_ARC_ABI = YES;
				COMBINE_HIDPI_IMAGES = YES;
				COPY_PHASE_STRIP = YES;
				DEBUG_INFORMATION_FORMAT = "dwarf-with-dsym";
				DYLIB_COMPATIBILITY_VERSION = 1;
				DYLIB_CURRENT_VERSION = 1;
				FRAMEWORK_VERSION = A;
				GCC_GENERATE_DEBUGGING_SYMBOLS = NO;
				GCC_MODEL_TUNING = G5;
				GCC_PRECOMPILE_PREFIX_HEADER = YES;
				GCC_PREFIX_HEADER = "";
				GCC_VERSION = com.apple.compilers.llvm.clang.1_0;
				INFOPLIST_FILE = "CocoaFobARC-Info.plist";
				INSTALL_PATH = "$(HOME)/Library/Frameworks";
				OTHER_LDFLAGS = (
					"-framework",
					Foundation,
					"-framework",
					AppKit,
				);
				PRODUCT_BUNDLE_IDENTIFIER = com.pixelespresso.cocoafob;
				PRODUCT_NAME = CocoaFobARC;
				SDKROOT = macosx;
				ZERO_LINK = NO;
			};
			name = Release;
		};
/* End XCBuildConfiguration section */

/* Begin XCConfigurationList section */
		1DEB927808733DD40010E9CD /* Build configuration list for PBXProject "cocoafob" */ = {
			isa = XCConfigurationList;
			buildConfigurations = (
				1DEB927908733DD40010E9CD /* Debug */,
				1DEB927A08733DD40010E9CD /* Release */,
			);
			defaultConfigurationIsVisible = 0;
			defaultConfigurationName = Release;
		};
		3035240C1223BB9700AACD22 /* Build configuration list for PBXNativeTarget "CocoaFob" */ = {
			isa = XCConfigurationList;
			buildConfigurations = (
				3035240A1223BB9700AACD22 /* Debug */,
				3035240B1223BB9700AACD22 /* Release */,
			);
			defaultConfigurationIsVisible = 0;
			defaultConfigurationName = Release;
		};
		303526EE1223E48200AACD22 /* Build configuration list for PBXNativeTarget "cocoafob" */ = {
			isa = XCConfigurationList;
			buildConfigurations = (
				303526EB1223E45100AACD22 /* Debug */,
				303526EC1223E45100AACD22 /* Release */,
			);
			defaultConfigurationIsVisible = 0;
			defaultConfigurationName = Release;
		};
		C70720371B48C8D80083F859 /* Build configuration list for PBXNativeTarget "CocoaFobTests" */ = {
			isa = XCConfigurationList;
			buildConfigurations = (
				C70720381B48C8D80083F859 /* Debug */,
				C70720391B48C8D80083F859 /* Release */,
			);
			defaultConfigurationIsVisible = 0;
		};
		C7F7EF291577F3D90067C3A3 /* Build configuration list for PBXNativeTarget "CocoaFobARC" */ = {
			isa = XCConfigurationList;
			buildConfigurations = (
				C7F7EF2A1577F3D90067C3A3 /* Debug */,
				C7F7EF2B1577F3D90067C3A3 /* Release */,
			);
			defaultConfigurationIsVisible = 0;
			defaultConfigurationName = Release;
		};
/* End XCConfigurationList section */
	};
	rootObject = 08FB7793FE84155DC02AAC07 /* Project object */;
}
