// !$*UTF8*$!
{
	archiveVersion = 1;
	classes = {
	};
	objectVersion = 45;
	objects = {

/* Begin PBXBuildFile section */
		8DD76F9A0486AA7600D96B5E /* cocoafob.m in Sources */ = {isa = PBXBuildFile; fileRef = 08FB7796FE84155DC02AAC07 /* cocoafob.m */; settings = {ATTRIBUTES = (); }; };
		8DD76F9C0486AA7600D96B5E /* Foundation.framework in Frameworks */ = {isa = PBXBuildFile; fileRef = 08FB779EFE84155DC02AAC07 /* Foundation.framework */; };
		8DD76F9F0486AA7600D96B5E /* cocoafob.1 in CopyFiles */ = {isa = PBXBuildFile; fileRef = C6859EA3029092ED04C91782 /* cocoafob.1 */; };
		C7A731690F5F42D500D40AFE /* NSString-Base64Extensions.m in Sources */ = {isa = PBXBuildFile; fileRef = C7A731680F5F42D500D40AFE /* NSString-Base64Extensions.m */; };
		C7E378450F59D737002061CD /* decoder.c in Sources */ = {isa = PBXBuildFile; fileRef = C7E378410F59D737002061CD /* decoder.c */; };
		C7E378460F59D737002061CD /* encoder.c in Sources */ = {isa = PBXBuildFile; fileRef = C7E378430F59D737002061CD /* encoder.c */; };
		C7E3784F0F59DB15002061CD /* CFobLicGenerator.m in Sources */ = {isa = PBXBuildFile; fileRef = C7E378480F59DB15002061CD /* CFobLicGenerator.m */; };
		C7E378500F59DB15002061CD /* CFobLicVerifier.m in Sources */ = {isa = PBXBuildFile; fileRef = C7E3784A0F59DB15002061CD /* CFobLicVerifier.m */; };
		C7E378510F59DB15002061CD /* NSData+PECrypt.m in Sources */ = {isa = PBXBuildFile; fileRef = C7E3784C0F59DB15002061CD /* NSData+PECrypt.m */; };
		C7E378520F59DB15002061CD /* NSString+PECrypt.m in Sources */ = {isa = PBXBuildFile; fileRef = C7E3784E0F59DB15002061CD /* NSString+PECrypt.m */; };
		C7E3788D0F5A2BDB002061CD /* libcrypto.0.9.7.dylib in Frameworks */ = {isa = PBXBuildFile; fileRef = C7E3788C0F5A2BDB002061CD /* libcrypto.0.9.7.dylib */; };
/* End PBXBuildFile section */

/* Begin PBXCopyFilesBuildPhase section */
		8DD76F9E0486AA7600D96B5E /* CopyFiles */ = {
			isa = PBXCopyFilesBuildPhase;
			buildActionMask = 8;
			dstPath = /usr/share/man/man1/;
			dstSubfolderSpec = 0;
			files = (
				8DD76F9F0486AA7600D96B5E /* cocoafob.1 in CopyFiles */,
			);
			runOnlyForDeploymentPostprocessing = 1;
		};
/* End PBXCopyFilesBuildPhase section */

/* Begin PBXFileReference section */
		08FB7796FE84155DC02AAC07 /* cocoafob.m */ = {isa = PBXFileReference; fileEncoding = 4; lastKnownFileType = sourcecode.c.objc; path = cocoafob.m; sourceTree = "<group>"; };
		08FB779EFE84155DC02AAC07 /* Foundation.framework */ = {isa = PBXFileReference; lastKnownFileType = wrapper.framework; name = Foundation.framework; path = /System/Library/Frameworks/Foundation.framework; sourceTree = "<absolute>"; };
		32A70AAB03705E1F00C91783 /* cocoafob_Prefix.pch */ = {isa = PBXFileReference; fileEncoding = 4; lastKnownFileType = sourcecode.c.h; path = cocoafob_Prefix.pch; sourceTree = "<group>"; };
		8DD76FA10486AA7600D96B5E /* cocoafob */ = {isa = PBXFileReference; explicitFileType = "compiled.mach-o.executable"; includeInIndex = 0; path = cocoafob; sourceTree = BUILT_PRODUCTS_DIR; };
		C6859EA3029092ED04C91782 /* cocoafob.1 */ = {isa = PBXFileReference; lastKnownFileType = text.man; path = cocoafob.1; sourceTree = "<group>"; };
		C7A731670F5F42D500D40AFE /* NSString-Base64Extensions.h */ = {isa = PBXFileReference; fileEncoding = 4; lastKnownFileType = sourcecode.c.h; path = "NSString-Base64Extensions.h"; sourceTree = "<group>"; };
		C7A731680F5F42D500D40AFE /* NSString-Base64Extensions.m */ = {isa = PBXFileReference; fileEncoding = 4; lastKnownFileType = sourcecode.c.objc; path = "NSString-Base64Extensions.m"; sourceTree = "<group>"; };
		C7E378410F59D737002061CD /* decoder.c */ = {isa = PBXFileReference; fileEncoding = 4; lastKnownFileType = sourcecode.c.c; path = decoder.c; sourceTree = "<group>"; };
		C7E378420F59D737002061CD /* decoder.h */ = {isa = PBXFileReference; fileEncoding = 4; lastKnownFileType = sourcecode.c.h; path = decoder.h; sourceTree = "<group>"; };
		C7E378430F59D737002061CD /* encoder.c */ = {isa = PBXFileReference; fileEncoding = 4; lastKnownFileType = sourcecode.c.c; path = encoder.c; sourceTree = "<group>"; };
		C7E378440F59D737002061CD /* encoder.h */ = {isa = PBXFileReference; fileEncoding = 4; lastKnownFileType = sourcecode.c.h; path = encoder.h; sourceTree = "<group>"; };
		C7E378470F59DB15002061CD /* CFobLicGenerator.h */ = {isa = PBXFileReference; fileEncoding = 4; lastKnownFileType = sourcecode.c.h; path = CFobLicGenerator.h; sourceTree = "<group>"; };
		C7E378480F59DB15002061CD /* CFobLicGenerator.m */ = {isa = PBXFileReference; fileEncoding = 4; lastKnownFileType = sourcecode.c.objc; path = CFobLicGenerator.m; sourceTree = "<group>"; };
		C7E378490F59DB15002061CD /* CFobLicVerifier.h */ = {isa = PBXFileReference; fileEncoding = 4; lastKnownFileType = sourcecode.c.h; path = CFobLicVerifier.h; sourceTree = "<group>"; };
		C7E3784A0F59DB15002061CD /* CFobLicVerifier.m */ = {isa = PBXFileReference; fileEncoding = 4; lastKnownFileType = sourcecode.c.objc; path = CFobLicVerifier.m; sourceTree = "<group>"; };
		C7E3784B0F59DB15002061CD /* NSData+PECrypt.h */ = {isa = PBXFileReference; fileEncoding = 4; lastKnownFileType = sourcecode.c.h; path = "NSData+PECrypt.h"; sourceTree = "<group>"; };
		C7E3784C0F59DB15002061CD /* NSData+PECrypt.m */ = {isa = PBXFileReference; fileEncoding = 4; lastKnownFileType = sourcecode.c.objc; path = "NSData+PECrypt.m"; sourceTree = "<group>"; };
		C7E3784D0F59DB15002061CD /* NSString+PECrypt.h */ = {isa = PBXFileReference; fileEncoding = 4; lastKnownFileType = sourcecode.c.h; path = "NSString+PECrypt.h"; sourceTree = "<group>"; };
		C7E3784E0F59DB15002061CD /* NSString+PECrypt.m */ = {isa = PBXFileReference; fileEncoding = 4; lastKnownFileType = sourcecode.c.objc; path = "NSString+PECrypt.m"; sourceTree = "<group>"; };
		C7E3788C0F5A2BDB002061CD /* libcrypto.0.9.7.dylib */ = {isa = PBXFileReference; lastKnownFileType = "compiled.mach-o.dylib"; name = libcrypto.0.9.7.dylib; path = usr/lib/libcrypto.0.9.7.dylib; sourceTree = SDKROOT; };
/* End PBXFileReference section */

/* Begin PBXFrameworksBuildPhase section */
		8DD76F9B0486AA7600D96B5E /* Frameworks */ = {
			isa = PBXFrameworksBuildPhase;
			buildActionMask = 2147483647;
			files = (
				8DD76F9C0486AA7600D96B5E /* Foundation.framework in Frameworks */,
				C7E3788D0F5A2BDB002061CD /* libcrypto.0.9.7.dylib in Frameworks */,
			);
			runOnlyForDeploymentPostprocessing = 0;
		};
/* End PBXFrameworksBuildPhase section */

/* Begin PBXGroup section */
		08FB7794FE84155DC02AAC07 /* cocoafob */ = {
			isa = PBXGroup;
			children = (
				08FB7795FE84155DC02AAC07 /* Source */,
				C6859EA2029092E104C91782 /* Documentation */,
				08FB779DFE84155DC02AAC07 /* External Frameworks and Libraries */,
				1AB674ADFE9D54B511CA2CBB /* Products */,
			);
			name = cocoafob;
			sourceTree = "<group>";
		};
		08FB7795FE84155DC02AAC07 /* Source */ = {
			isa = PBXGroup;
			children = (
				C7A731660F5F42C000D40AFE /* Dave Dribin */,
				C7E378540F59DB33002061CD /* Base32 */,
				C7E378530F59DB1E002061CD /* PECategories */,
				C7E378470F59DB15002061CD /* CFobLicGenerator.h */,
				C7E378480F59DB15002061CD /* CFobLicGenerator.m */,
				C7E378490F59DB15002061CD /* CFobLicVerifier.h */,
				C7E3784A0F59DB15002061CD /* CFobLicVerifier.m */,
				32A70AAB03705E1F00C91783 /* cocoafob_Prefix.pch */,
				08FB7796FE84155DC02AAC07 /* cocoafob.m */,
			);
			name = Source;
			sourceTree = "<group>";
		};
		08FB779DFE84155DC02AAC07 /* External Frameworks and Libraries */ = {
			isa = PBXGroup;
			children = (
				C7E3788C0F5A2BDB002061CD /* libcrypto.0.9.7.dylib */,
				08FB779EFE84155DC02AAC07 /* Foundation.framework */,
			);
			name = "External Frameworks and Libraries";
			sourceTree = "<group>";
		};
		1AB674ADFE9D54B511CA2CBB /* Products */ = {
			isa = PBXGroup;
			children = (
				8DD76FA10486AA7600D96B5E /* cocoafob */,
			);
			name = Products;
			sourceTree = "<group>";
		};
		C6859EA2029092E104C91782 /* Documentation */ = {
			isa = PBXGroup;
			children = (
				C6859EA3029092ED04C91782 /* cocoafob.1 */,
			);
			name = Documentation;
			sourceTree = "<group>";
		};
		C7A731660F5F42C000D40AFE /* Dave Dribin */ = {
			isa = PBXGroup;
			children = (
				C7A731670F5F42D500D40AFE /* NSString-Base64Extensions.h */,
				C7A731680F5F42D500D40AFE /* NSString-Base64Extensions.m */,
			);
			name = "Dave Dribin";
			sourceTree = "<group>";
		};
		C7E378530F59DB1E002061CD /* PECategories */ = {
			isa = PBXGroup;
			children = (
				C7E3784B0F59DB15002061CD /* NSData+PECrypt.h */,
				C7E3784C0F59DB15002061CD /* NSData+PECrypt.m */,
				C7E3784D0F59DB15002061CD /* NSString+PECrypt.h */,
				C7E3784E0F59DB15002061CD /* NSString+PECrypt.m */,
			);
			name = PECategories;
			sourceTree = "<group>";
		};
		C7E378540F59DB33002061CD /* Base32 */ = {
			isa = PBXGroup;
			children = (
				C7E378410F59D737002061CD /* decoder.c */,
				C7E378420F59D737002061CD /* decoder.h */,
				C7E378430F59D737002061CD /* encoder.c */,
				C7E378440F59D737002061CD /* encoder.h */,
			);
			name = Base32;
			sourceTree = "<group>";
		};
/* End PBXGroup section */

/* Begin PBXNativeTarget section */
		8DD76F960486AA7600D96B5E /* cocoafob */ = {
			isa = PBXNativeTarget;
			buildConfigurationList = 1DEB927408733DD40010E9CD /* Build configuration list for PBXNativeTarget "cocoafob" */;
			buildPhases = (
				8DD76F990486AA7600D96B5E /* Sources */,
				8DD76F9B0486AA7600D96B5E /* Frameworks */,
				8DD76F9E0486AA7600D96B5E /* CopyFiles */,
			);
			buildRules = (
			);
			dependencies = (
			);
			name = cocoafob;
			productInstallPath = "$(HOME)/bin";
			productName = cocoafob;
			productReference = 8DD76FA10486AA7600D96B5E /* cocoafob */;
			productType = "com.apple.product-type.tool";
		};
/* End PBXNativeTarget section */

/* Begin PBXProject section */
		08FB7793FE84155DC02AAC07 /* Project object */ = {
			isa = PBXProject;
			buildConfigurationList = 1DEB927808733DD40010E9CD /* Build configuration list for PBXProject "cocoafob" */;
			compatibilityVersion = "Xcode 3.1";
			hasScannedForEncodings = 1;
			mainGroup = 08FB7794FE84155DC02AAC07 /* cocoafob */;
			projectDirPath = "";
			projectRoot = "";
			targets = (
				8DD76F960486AA7600D96B5E /* cocoafob */,
			);
		};
/* End PBXProject section */

/* Begin PBXSourcesBuildPhase section */
		8DD76F990486AA7600D96B5E /* Sources */ = {
			isa = PBXSourcesBuildPhase;
			buildActionMask = 2147483647;
			files = (
				8DD76F9A0486AA7600D96B5E /* cocoafob.m in Sources */,
				C7E378450F59D737002061CD /* decoder.c in Sources */,
				C7E378460F59D737002061CD /* encoder.c in Sources */,
				C7E3784F0F59DB15002061CD /* CFobLicGenerator.m in Sources */,
				C7E378500F59DB15002061CD /* CFobLicVerifier.m in Sources */,
				C7E378510F59DB15002061CD /* NSData+PECrypt.m in Sources */,
				C7E378520F59DB15002061CD /* NSString+PECrypt.m in Sources */,
				C7A731690F5F42D500D40AFE /* NSString-Base64Extensions.m in Sources */,
			);
			runOnlyForDeploymentPostprocessing = 0;
		};
/* End PBXSourcesBuildPhase section */

/* Begin XCBuildConfiguration section */
		1DEB927508733DD40010E9CD /* Debug */ = {
			isa = XCBuildConfiguration;
			buildSettings = {
				ALWAYS_SEARCH_USER_PATHS = NO;
				COPY_PHASE_STRIP = NO;
				GCC_DYNAMIC_NO_PIC = NO;
				GCC_ENABLE_FIX_AND_CONTINUE = YES;
				GCC_MODEL_TUNING = G5;
				GCC_OPTIMIZATION_LEVEL = 0;
				GCC_PRECOMPILE_PREFIX_HEADER = YES;
				GCC_PREFIX_HEADER = cocoafob_Prefix.pch;
				INSTALL_PATH = /usr/local/bin;
				PRODUCT_NAME = cocoafob;
			};
			name = Debug;
		};
		1DEB927608733DD40010E9CD /* Release */ = {
			isa = XCBuildConfiguration;
			buildSettings = {
				ALWAYS_SEARCH_USER_PATHS = NO;
				DEBUG_INFORMATION_FORMAT = "dwarf-with-dsym";
				GCC_MODEL_TUNING = G5;
				GCC_PRECOMPILE_PREFIX_HEADER = YES;
				GCC_PREFIX_HEADER = cocoafob_Prefix.pch;
				INSTALL_PATH = /usr/local/bin;
				PRODUCT_NAME = cocoafob;
			};
			name = Release;
		};
		1DEB927908733DD40010E9CD /* Debug */ = {
			isa = XCBuildConfiguration;
			buildSettings = {
				ARCHS = "$(ARCHS_STANDARD_32_BIT)";
				GCC_C_LANGUAGE_STANDARD = c99;
				GCC_OPTIMIZATION_LEVEL = 0;
				GCC_WARN_ABOUT_RETURN_TYPE = YES;
				GCC_WARN_UNUSED_VARIABLE = YES;
				ONLY_ACTIVE_ARCH = YES;
				PREBINDING = NO;
				SDKROOT = macosx10.5;
			};
			name = Debug;
		};
		1DEB927A08733DD40010E9CD /* Release */ = {
			isa = XCBuildConfiguration;
			buildSettings = {
				ARCHS = "$(ARCHS_STANDARD_32_BIT)";
				GCC_C_LANGUAGE_STANDARD = c99;
				GCC_WARN_ABOUT_RETURN_TYPE = YES;
				GCC_WARN_UNUSED_VARIABLE = YES;
				PREBINDING = NO;
				SDKROOT = macosx10.5;
			};
			name = Release;
		};
/* End XCBuildConfiguration section */

/* Begin XCConfigurationList section */
		1DEB927408733DD40010E9CD /* Build configuration list for PBXNativeTarget "cocoafob" */ = {
			isa = XCConfigurationList;
			buildConfigurations = (
				1DEB927508733DD40010E9CD /* Debug */,
				1DEB927608733DD40010E9CD /* Release */,
			);
			defaultConfigurationIsVisible = 0;
			defaultConfigurationName = Release;
		};
		1DEB927808733DD40010E9CD /* Build configuration list for PBXProject "cocoafob" */ = {
			isa = XCConfigurationList;
			buildConfigurations = (
				1DEB927908733DD40010E9CD /* Debug */,
				1DEB927A08733DD40010E9CD /* Release */,
			);
			defaultConfigurationIsVisible = 0;
			defaultConfigurationName = Release;
		};
/* End XCConfigurationList section */
	};
	rootObject = 08FB7793FE84155DC02AAC07 /* Project object */;
}
