// !$*UTF8*$!
{
	archiveVersion = 1;
	classes = {
	};
	objectVersion = 46;
	objects = {

/* Begin PBXBuildFile section */
		2D8C37151D6F98D80070093E /* CFobCrypto.cpp in Sources */ = {isa = PBXBuildFile; fileRef = 2D8C37131D6F98D80070093E /* CFobCrypto.cpp */; };
		2D8C37161D6F98D80070093E /* CFobCrypto.cpp in Sources */ = {isa = PBXBuildFile; fileRef = 2D8C37131D6F98D80070093E /* CFobCrypto.cpp */; };
		2D8C37191D6F9A510070093E /* CFobInternal.cpp in Sources */ = {isa = PBXBuildFile; fileRef = 2D8C37171D6F9A510070093E /* CFobInternal.cpp */; };
		2D8C371A1D6F9A510070093E /* CFobInternal.cpp in Sources */ = {isa = PBXBuildFile; fileRef = 2D8C37171D6F9A510070093E /* CFobInternal.cpp */; };
		2DBB60431CEB88BC00105970 /* CFobLicGenerator.cpp in Sources */ = {isa = PBXBuildFile; fileRef = 2DBB60411CEB88BC00105970 /* CFobLicGenerator.cpp */; };
		2DBB60441CEB88BC00105970 /* CFobLicGenerator.cpp in Sources */ = {isa = PBXBuildFile; fileRef = 2DBB60411CEB88BC00105970 /* CFobLicGenerator.cpp */; };
		2DBB60461CEB88D400105970 /* CFobLicGenerator_ctest.cpp in Sources */ = {isa = PBXBuildFile; fileRef = 2DBB60451CEB88D400105970 /* CFobLicGenerator_ctest.cpp */; };
		2DD05FC61CEB62C700214ECE /* main.cpp in Sources */ = {isa = PBXBuildFile; fileRef = 2DD05FC51CEB62C700214ECE /* main.cpp */; };
		2DE3FA261D51A68B009EDCFB /* CFobLicVerifier.cpp in Sources */ = {isa = PBXBuildFile; fileRef = 2DE994D91CF501A60078994D /* CFobLicVerifier.cpp */; };
		2DE994DB1CF501A60078994D /* CFobLicVerifier.cpp in Sources */ = {isa = PBXBuildFile; fileRef = 2DE994D91CF501A60078994D /* CFobLicVerifier.cpp */; };
		2DE994DF1CF501CA0078994D /* CFobLicVerifier_ctest.cpp in Sources */ = {isa = PBXBuildFile; fileRef = 2DE994DE1CF501CA0078994D /* CFobLicVerifier_ctest.cpp */; };
/* End PBXBuildFile section */

/* Begin PBXCopyFilesBuildPhase section */
		2D15DA6D1CEB6274001F85AE /* CopyFiles */ = {
			isa = PBXCopyFilesBuildPhase;
			buildActionMask = 2147483647;
			dstPath = /usr/share/man/man1/;
			dstSubfolderSpec = 0;
			files = (
			);
			runOnlyForDeploymentPostprocessing = 1;
		};
		2DBB603C1CEB882700105970 /* CopyFiles */ = {
			isa = PBXCopyFilesBuildPhase;
			buildActionMask = 2147483647;
			dstPath = /usr/share/man/man1/;
			dstSubfolderSpec = 0;
			files = (
			);
			runOnlyForDeploymentPostprocessing = 1;
		};
/* End PBXCopyFilesBuildPhase section */

/* Begin PBXFileReference section */
		2D15DA6F1CEB6274001F85AE /* cocoafob */ = {isa = PBXFileReference; explicitFileType = "compiled.mach-o.executable"; includeInIndex = 0; path = cocoafob; sourceTree = BUILT_PRODUCTS_DIR; };
		2D8C37121D6F98590070093E /* CFobDataTypes.hpp */ = {isa = PBXFileReference; lastKnownFileType = sourcecode.cpp.h; name = CFobDataTypes.hpp; path = source/CFobDataTypes.hpp; sourceTree = "<group>"; };
		2D8C37131D6F98D80070093E /* CFobCrypto.cpp */ = {isa = PBXFileReference; fileEncoding = 4; lastKnownFileType = sourcecode.cpp.cpp; name = CFobCrypto.cpp; path = source/CFobCrypto.cpp; sourceTree = "<group>"; };
		2D8C37141D6F98D80070093E /* CFobCrypto.hpp */ = {isa = PBXFileReference; fileEncoding = 4; lastKnownFileType = sourcecode.cpp.h; name = CFobCrypto.hpp; path = source/CFobCrypto.hpp; sourceTree = "<group>"; };
		2D8C37171D6F9A510070093E /* CFobInternal.cpp */ = {isa = PBXFileReference; fileEncoding = 4; lastKnownFileType = sourcecode.cpp.cpp; name = CFobInternal.cpp; path = source/CFobInternal.cpp; sourceTree = "<group>"; };
		2D8C37181D6F9A510070093E /* CFobInternal.hpp */ = {isa = PBXFileReference; fileEncoding = 4; lastKnownFileType = sourcecode.cpp.h; name = CFobInternal.hpp; path = source/CFobInternal.hpp; sourceTree = "<group>"; };
		2D9128EF1CFFD500009A335D /* cocoafob.xcconfig */ = {isa = PBXFileReference; lastKnownFileType = text.xcconfig; path = cocoafob.xcconfig; sourceTree = "<group>"; };
		2DBB60401CEB882700105970 /* cocoafob_ctest */ = {isa = PBXFileReference; explicitFileType = "compiled.mach-o.executable"; includeInIndex = 0; path = cocoafob_ctest; sourceTree = BUILT_PRODUCTS_DIR; };
		2DBB60411CEB88BC00105970 /* CFobLicGenerator.cpp */ = {isa = PBXFileReference; fileEncoding = 4; lastKnownFileType = sourcecode.cpp.cpp; name = CFobLicGenerator.cpp; path = source/CFobLicGenerator.cpp; sourceTree = "<group>"; };
		2DBB60421CEB88BC00105970 /* CFobLicGenerator.hpp */ = {isa = PBXFileReference; fileEncoding = 4; lastKnownFileType = sourcecode.cpp.h; name = CFobLicGenerator.hpp; path = source/CFobLicGenerator.hpp; sourceTree = "<group>"; };
		2DBB60451CEB88D400105970 /* CFobLicGenerator_ctest.cpp */ = {isa = PBXFileReference; fileEncoding = 4; lastKnownFileType = sourcecode.cpp.cpp; name = CFobLicGenerator_ctest.cpp; path = ctest/CFobLicGenerator_ctest.cpp; sourceTree = "<group>"; };
		2DD05FC51CEB62C700214ECE /* main.cpp */ = {isa = PBXFileReference; fileEncoding = 4; lastKnownFileType = sourcecode.cpp.cpp; name = main.cpp; path = consoleapp/main.cpp; sourceTree = "<group>"; };
		2DD05FC71CEB62E300214ECE /* README.markdown */ = {isa = PBXFileReference; fileEncoding = 4; lastKnownFileType = net.daringfireball.markdown; path = README.markdown; sourceTree = "<group>"; };
		2DD05FCA1CEB636B00214ECE /* catch.hpp */ = {isa = PBXFileReference; fileEncoding = 4; lastKnownFileType = sourcecode.cpp.h; name = catch.hpp; path = components/catch/include/catch.hpp; sourceTree = "<group>"; };
		2DE994D91CF501A60078994D /* CFobLicVerifier.cpp */ = {isa = PBXFileReference; fileEncoding = 4; lastKnownFileType = sourcecode.cpp.cpp; name = CFobLicVerifier.cpp; path = source/CFobLicVerifier.cpp; sourceTree = "<group>"; };
		2DE994DA1CF501A60078994D /* CFobLicVerifier.hpp */ = {isa = PBXFileReference; fileEncoding = 4; lastKnownFileType = sourcecode.cpp.h; name = CFobLicVerifier.hpp; path = source/CFobLicVerifier.hpp; sourceTree = "<group>"; };
		2DE994DE1CF501CA0078994D /* CFobLicVerifier_ctest.cpp */ = {isa = PBXFileReference; fileEncoding = 4; lastKnownFileType = sourcecode.cpp.cpp; name = CFobLicVerifier_ctest.cpp; path = ctest/CFobLicVerifier_ctest.cpp; sourceTree = "<group>"; };
/* End PBXFileReference section */

/* Begin PBXFrameworksBuildPhase section */
		2D15DA6C1CEB6274001F85AE /* Frameworks */ = {
			isa = PBXFrameworksBuildPhase;
			buildActionMask = 2147483647;
			files = (
			);
			runOnlyForDeploymentPostprocessing = 0;
		};
		2DBB603B1CEB882700105970 /* Frameworks */ = {
			isa = PBXFrameworksBuildPhase;
			buildActionMask = 2147483647;
			files = (
			);
			runOnlyForDeploymentPostprocessing = 0;
		};
/* End PBXFrameworksBuildPhase section */

/* Begin PBXGroup section */
		2D15DA661CEB6273001F85AE = {
			isa = PBXGroup;
			children = (
				2D9128F01CFFD504009A335D /* xcconfig */,
				2DE994DD1CF501AC0078994D /* source */,
				2DD05FC91CEB636000214ECE /* unittest */,
				2DD05FC71CEB62E300214ECE /* README.markdown */,
				2DD05FC41CEB62BC00214ECE /* consoleapp */,
				2D15DA701CEB6274001F85AE /* Products */,
			);
			sourceTree = "<group>";
		};
		2D15DA701CEB6274001F85AE /* Products */ = {
			isa = PBXGroup;
			children = (
				2D15DA6F1CEB6274001F85AE /* cocoafob */,
				2DBB60401CEB882700105970 /* cocoafob_ctest */,
			);
			name = Products;
			sourceTree = "<group>";
		};
		2D9128F01CFFD504009A335D /* xcconfig */ = {
			isa = PBXGroup;
			children = (
				2D9128EF1CFFD500009A335D /* cocoafob.xcconfig */,
			);
			name = xcconfig;
			sourceTree = "<group>";
		};
		2DD05FC41CEB62BC00214ECE /* consoleapp */ = {
			isa = PBXGroup;
			children = (
				2DD05FC51CEB62C700214ECE /* main.cpp */,
			);
			name = consoleapp;
			sourceTree = "<group>";
		};
		2DD05FC91CEB636000214ECE /* unittest */ = {
			isa = PBXGroup;
			children = (
				2DD05FCA1CEB636B00214ECE /* catch.hpp */,
				2DBB60451CEB88D400105970 /* CFobLicGenerator_ctest.cpp */,
				2DE994DE1CF501CA0078994D /* CFobLicVerifier_ctest.cpp */,
			);
			name = unittest;
			sourceTree = "<group>";
		};
		2DE994DD1CF501AC0078994D /* source */ = {
			isa = PBXGroup;
			children = (
				2DBB60411CEB88BC00105970 /* CFobLicGenerator.cpp */,
				2DBB60421CEB88BC00105970 /* CFobLicGenerator.hpp */,
				2DE994D91CF501A60078994D /* CFobLicVerifier.cpp */,
				2DE994DA1CF501A60078994D /* CFobLicVerifier.hpp */,
				2D8C37121D6F98590070093E /* CFobDataTypes.hpp */,
				2D8C37131D6F98D80070093E /* CFobCrypto.cpp */,
				2D8C37141D6F98D80070093E /* CFobCrypto.hpp */,
				2D8C37171D6F9A510070093E /* CFobInternal.cpp */,
				2D8C37181D6F9A510070093E /* CFobInternal.hpp */,
			);
			name = source;
			sourceTree = "<group>";
		};
/* End PBXGroup section */

/* Begin PBXNativeTarget section */
		2D15DA6E1CEB6274001F85AE /* cocoafob */ = {
			isa = PBXNativeTarget;
			buildConfigurationList = 2D15DA761CEB6274001F85AE /* Build configuration list for PBXNativeTarget "cocoafob" */;
			buildPhases = (
				2D15DA6B1CEB6274001F85AE /* Sources */,
				2D15DA6C1CEB6274001F85AE /* Frameworks */,
				2D15DA6D1CEB6274001F85AE /* CopyFiles */,
			);
			buildRules = (
			);
			dependencies = (
			);
			name = cocoafob;
			productName = cocoafob;
			productReference = 2D15DA6F1CEB6274001F85AE /* cocoafob */;
			productType = "com.apple.product-type.tool";
		};
		2DBB60371CEB882700105970 /* cocoafob_ctest */ = {
			isa = PBXNativeTarget;
			buildConfigurationList = 2DBB603D1CEB882700105970 /* Build configuration list for PBXNativeTarget "cocoafob_ctest" */;
			buildPhases = (
				2DBB60381CEB882700105970 /* Sources */,
				2DBB603B1CEB882700105970 /* Frameworks */,
				2DBB603C1CEB882700105970 /* CopyFiles */,
			);
			buildRules = (
			);
			dependencies = (
			);
			name = cocoafob_ctest;
			productName = cocoafob;
			productReference = 2DBB60401CEB882700105970 /* cocoafob_ctest */;
			productType = "com.apple.product-type.tool";
		};
/* End PBXNativeTarget section */

/* Begin PBXProject section */
		2D15DA671CEB6273001F85AE /* Project object */ = {
			isa = PBXProject;
			attributes = {
				LastUpgradeCheck = 0730;
				ORGANIZATIONNAME = "Jaime O. Rios";
				TargetAttributes = {
					2D15DA6E1CEB6274001F85AE = {
						CreatedOnToolsVersion = 7.3;
					};
				};
			};
			buildConfigurationList = 2D15DA6A1CEB6274001F85AE /* Build configuration list for PBXProject "cocoafob" */;
			compatibilityVersion = "Xcode 3.2";
			developmentRegion = English;
			hasScannedForEncodings = 0;
			knownRegions = (
				en,
			);
			mainGroup = 2D15DA661CEB6273001F85AE;
			productRefGroup = 2D15DA701CEB6274001F85AE /* Products */;
			projectDirPath = "";
			projectRoot = "";
			targets = (
				2D15DA6E1CEB6274001F85AE /* cocoafob */,
				2DBB60371CEB882700105970 /* cocoafob_ctest */,
			);
		};
/* End PBXProject section */

/* Begin PBXSourcesBuildPhase section */
		2D15DA6B1CEB6274001F85AE /* Sources */ = {
			isa = PBXSourcesBuildPhase;
			buildActionMask = 2147483647;
			files = (
				2DD05FC61CEB62C700214ECE /* main.cpp in Sources */,
				2DE994DB1CF501A60078994D /* CFobLicVerifier.cpp in Sources */,
				2D8C37151D6F98D80070093E /* CFobCrypto.cpp in Sources */,
				2D8C37191D6F9A510070093E /* CFobInternal.cpp in Sources */,
				2DBB60431CEB88BC00105970 /* CFobLicGenerator.cpp in Sources */,
			);
			runOnlyForDeploymentPostprocessing = 0;
		};
		2DBB60381CEB882700105970 /* Sources */ = {
			isa = PBXSourcesBuildPhase;
			buildActionMask = 2147483647;
			files = (
				2DBB60441CEB88BC00105970 /* CFobLicGenerator.cpp in Sources */,
				2DE3FA261D51A68B009EDCFB /* CFobLicVerifier.cpp in Sources */,
				2D8C371A1D6F9A510070093E /* CFobInternal.cpp in Sources */,
				2DE994DF1CF501CA0078994D /* CFobLicVerifier_ctest.cpp in Sources */,
				2D8C37161D6F98D80070093E /* CFobCrypto.cpp in Sources */,
				2DBB60461CEB88D400105970 /* CFobLicGenerator_ctest.cpp in Sources */,
			);
			runOnlyForDeploymentPostprocessing = 0;
		};
/* End PBXSourcesBuildPhase section */

/* Begin XCBuildConfiguration section */
		2D15DA741CEB6274001F85AE /* Debug */ = {
			isa = XCBuildConfiguration;
			baseConfigurationReference = 2D9128EF1CFFD500009A335D /* cocoafob.xcconfig */;
			buildSettings = {
				ALWAYS_SEARCH_USER_PATHS = NO;
				CLANG_ANALYZER_NONNULL = YES;
				CLANG_CXX_LANGUAGE_STANDARD = "gnu++0x";
				CLANG_CXX_LIBRARY = "libc++";
				CLANG_ENABLE_MODULES = YES;
				CLANG_ENABLE_OBJC_ARC = YES;
				CLANG_WARN_BOOL_CONVERSION = YES;
				CLANG_WARN_CONSTANT_CONVERSION = YES;
				CLANG_WARN_DIRECT_OBJC_ISA_USAGE = YES_ERROR;
				CLANG_WARN_EMPTY_BODY = YES;
				CLANG_WARN_ENUM_CONVERSION = YES;
				CLANG_WARN_INT_CONVERSION = YES;
				CLANG_WARN_OBJC_ROOT_CLASS = YES_ERROR;
				CLANG_WARN_UNREACHABLE_CODE = YES;
				CLANG_WARN__DUPLICATE_METHOD_MATCH = YES;
				CODE_SIGN_IDENTITY = "-";
				COPY_PHASE_STRIP = NO;
				DEBUG_INFORMATION_FORMAT = dwarf;
				ENABLE_STRICT_OBJC_MSGSEND = YES;
				ENABLE_TESTABILITY = YES;
				GCC_C_LANGUAGE_STANDARD = gnu99;
				GCC_DYNAMIC_NO_PIC = NO;
				GCC_NO_COMMON_BLOCKS = YES;
				GCC_OPTIMIZATION_LEVEL = 0;
				GCC_PREPROCESSOR_DEFINITIONS = (
					"DEBUG=1",
					"$(inherited)",
				);
				GCC_WARN_64_TO_32_BIT_CONVERSION = YES;
				GCC_WARN_ABOUT_RETURN_TYPE = YES_ERROR;
				GCC_WARN_UNDECLARED_SELECTOR = YES;
				GCC_WARN_UNINITIALIZED_AUTOS = YES_AGGRESSIVE;
				GCC_WARN_UNUSED_FUNCTION = YES;
				GCC_WARN_UNUSED_VARIABLE = YES;
				MACOSX_DEPLOYMENT_TARGET = 10.11;
				MTL_ENABLE_DEBUG_INFO = YES;
				ONLY_ACTIVE_ARCH = YES;
				SDKROOT = macosx;
			};
			name = Debug;
		};
		2D15DA751CEB6274001F85AE /* Release */ = {
			isa = XCBuildConfiguration;
			baseConfigurationReference = 2D9128EF1CFFD500009A335D /* cocoafob.xcconfig */;
			buildSettings = {
				ALWAYS_SEARCH_USER_PATHS = NO;
				CLANG_ANALYZER_NONNULL = YES;
				CLANG_CXX_LANGUAGE_STANDARD = "gnu++0x";
				CLANG_CXX_LIBRARY = "libc++";
				CLANG_ENABLE_MODULES = YES;
				CLANG_ENABLE_OBJC_ARC = YES;
				CLANG_WARN_BOOL_CONVERSION = YES;
				CLANG_WARN_CONSTANT_CONVERSION = YES;
				CLANG_WARN_DIRECT_OBJC_ISA_USAGE = YES_ERROR;
				CLANG_WARN_EMPTY_BODY = YES;
				CLANG_WARN_ENUM_CONVERSION = YES;
				CLANG_WARN_INT_CONVERSION = YES;
				CLANG_WARN_OBJC_ROOT_CLASS = YES_ERROR;
				CLANG_WARN_UNREACHABLE_CODE = YES;
				CLANG_WARN__DUPLICATE_METHOD_MATCH = YES;
				CODE_SIGN_IDENTITY = "-";
				COPY_PHASE_STRIP = NO;
				DEBUG_INFORMATION_FORMAT = "dwarf-with-dsym";
				ENABLE_NS_ASSERTIONS = NO;
				ENABLE_STRICT_OBJC_MSGSEND = YES;
				GCC_C_LANGUAGE_STANDARD = gnu99;
				GCC_NO_COMMON_BLOCKS = YES;
				GCC_WARN_64_TO_32_BIT_CONVERSION = YES;
				GCC_WARN_ABOUT_RETURN_TYPE = YES_ERROR;
				GCC_WARN_UNDECLARED_SELECTOR = YES;
				GCC_WARN_UNINITIALIZED_AUTOS = YES_AGGRESSIVE;
				GCC_WARN_UNUSED_FUNCTION = YES;
				GCC_WARN_UNUSED_VARIABLE = YES;
				MACOSX_DEPLOYMENT_TARGET = 10.11;
				MTL_ENABLE_DEBUG_INFO = NO;
				SDKROOT = macosx;
			};
			name = Release;
		};
		2D15DA771CEB6274001F85AE /* Debug */ = {
			isa = XCBuildConfiguration;
			buildSettings = {
				PRODUCT_NAME = "$(TARGET_NAME)";
			};
			name = Debug;
		};
		2D15DA781CEB6274001F85AE /* Release */ = {
			isa = XCBuildConfiguration;
			buildSettings = {
				PRODUCT_NAME = "$(TARGET_NAME)";
			};
			name = Release;
		};
		2DBB603E1CEB882700105970 /* Debug */ = {
			isa = XCBuildConfiguration;
			buildSettings = {
				CLANG_CXX_LANGUAGE_STANDARD = "c++14";
				GCC_C_LANGUAGE_STANDARD = c11;
				PRODUCT_NAME = "$(TARGET_NAME)";
			};
			name = Debug;
		};
		2DBB603F1CEB882700105970 /* Release */ = {
			isa = XCBuildConfiguration;
			buildSettings = {
				CLANG_CXX_LANGUAGE_STANDARD = "c++14";
				GCC_C_LANGUAGE_STANDARD = c11;
				PRODUCT_NAME = "$(TARGET_NAME)";
			};
			name = Release;
		};
/* End XCBuildConfiguration section */

/* Begin XCConfigurationList section */
		2D15DA6A1CEB6274001F85AE /* Build configuration list for PBXProject "cocoafob" */ = {
			isa = XCConfigurationList;
			buildConfigurations = (
				2D15DA741CEB6274001F85AE /* Debug */,
				2D15DA751CEB6274001F85AE /* Release */,
			);
			defaultConfigurationIsVisible = 0;
			defaultConfigurationName = Release;
		};
		2D15DA761CEB6274001F85AE /* Build configuration list for PBXNativeTarget "cocoafob" */ = {
			isa = XCConfigurationList;
			buildConfigurations = (
				2D15DA771CEB6274001F85AE /* Debug */,
				2D15DA781CEB6274001F85AE /* Release */,
			);
			defaultConfigurationIsVisible = 0;
			defaultConfigurationName = Release;
		};
		2DBB603D1CEB882700105970 /* Build configuration list for PBXNativeTarget "cocoafob_ctest" */ = {
			isa = XCConfigurationList;
			buildConfigurations = (
				2DBB603E1CEB882700105970 /* Debug */,
				2DBB603F1CEB882700105970 /* Release */,
			);
			defaultConfigurationIsVisible = 0;
			defaultConfigurationName = Release;
		};
/* End XCConfigurationList section */
	};
	rootObject = 2D15DA671CEB6273001F85AE /* Project object */;
}
